Microsoft Visual Studio Solution File, Format Version 9.00
# Visual Studio 2005
Project("{FAE04EC0-301F-11D3-BF4B-00C04F79EFBC}") = "Series_PointChart", "Series_PointChart\Series_PointChart.csproj", "{C08C1445-13E4-4BD7-9D22-FBA952A1140C}"
EndProject
Global
	GlobalSection(SolutionConfigurationPlatforms) = preSolution
		Debug|Any CPU = Debug|Any CPU
		Release|Any CPU = Release|Any CPU
	EndGlobalSection
	GlobalSection(ProjectConfigurationPlatforms) = postSolution
		{C08C1445-13E4-4BD7-9D22-FBA952A1140C}.Debug|Any CPU.ActiveCfg = Debug|Any CPU
		{C08C1445-13E4-4BD7-9D22-FBA952A1140C}.Debug|Any CPU.Build.0 = Debug|Any CPU
		{C08C1445-13E4-4BD7-9D22-FBA952A1140C}.Release|Any CPU.ActiveCfg = Release|Any CPU
		{C08C1445-13E4-4BD7-9D22-FBA952A1140C}.Release|Any CPU.Build.0 = Release|Any CPU
	EndGlobalSection
	GlobalSection(SolutionProperties) = preSolution
		HideSolutionNode = FALSE
	EndGlobalSection
EndGlobal
